{
  "name": "wordle",
  "lockfileVersion": 2,
  "requires": true,
  "packages": {
    "": {
      "dependencies": {
        "clear-cache": "^1.1.0"
      }
    },
    "node_modules/clear-cache": {
      "version": "1.1.0",
      "resolved": "https://registry.npmjs.org/clear-cache/-/clear-cache-1.1.0.tgz",
      "integrity": "sha512-LomQceOFiom7v+aaGwj8+oeK4YtoMVz5Hg72L1c6mfhdXReTAET30wxVHmUDqUG86qIKAxY2zKPpN+Xa3IdaDA=="
    }
  },
  "dependencies": {
    "clear-cache": {
      "version": "1.1.0",
      "resolved": "https://registry.npmjs.org/clear-cache/-/clear-cache-1.1.0.tgz",
      "integrity": "sha512-LomQceOFiom7v+aaGwj8+oeK4YtoMVz5Hg72L1c6mfhdXReTAET30wxVHmUDqUG86qIKAxY2zKPpN+Xa3IdaDA=="
    }
  }
}
